
Microsoft Visual Studio Solution File, Format Version 12.00
# Visual Studio 15
VisualStudioVersion = 15.0.26730.12
MinimumVisualStudioVersion = 10.0.40219.1
Project("{FAE04EC0-301F-11D3-BF4B-00C04F79EFBC}") = "ProyectoSoftware2", "ProyectoSoftware2\ProyectoSoftware2.csproj", "{0B092471-253A-4E1E-A648-E3EA090F8FA2}"
EndProject
Global
	GlobalSection(SolutionConfigurationPlatforms) = preSolution
		Debug|Any CPU = Debug|Any CPU
		Release|Any CPU = Release|Any CPU
	EndGlobalSection
	GlobalSection(ProjectConfigurationPlatforms) = postSolution
		{0B092471-253A-4E1E-A648-E3EA090F8FA2}.Debug|Any CPU.ActiveCfg = Debug|Any CPU
		{0B092471-253A-4E1E-A648-E3EA090F8FA2}.Debug|Any CPU.Build.0 = Debug|Any CPU
		{0B092471-253A-4E1E-A648-E3EA090F8FA2}.Release|Any CPU.ActiveCfg = Release|Any CPU
		{0B092471-253A-4E1E-A648-E3EA090F8FA2}.Release|Any CPU.Build.0 = Release|Any CPU
	EndGlobalSection
	GlobalSection(SolutionProperties) = preSolution
		HideSolutionNode = FALSE
	EndGlobalSection
	GlobalSection(ExtensibilityGlobals) = postSolution
		SolutionGuid = {FD718946-9E69-4BE9-BD85-D9B6A2423D59}
	EndGlobalSection
EndGlobal
